
Microsoft Visual Studio Solution File, Format Version 12.00
# Visual Studio 15
VisualStudioVersion = 15.0.26430.14
MinimumVisualStudioVersion = 10.0.40219.1
Project("{FAE04EC0-301F-11D3-BF4B-00C04F79EFBC}") = "Vehicles", "Vehicles\Vehicles.csproj", "{D946FABD-AA9F-4030-A946-020188AB3297}"
EndProject
Project("{FAE04EC0-301F-11D3-BF4B-00C04F79EFBC}") = "Wild farm", "Wild farm\Wild farm.csproj", "{0FC0AA42-BB35-4C8C-AA19-E9787B20111C}"
EndProject
Global
	GlobalSection(SolutionConfigurationPlatforms) = preSolution
		Debug|Any CPU = Debug|Any CPU
		Release|Any CPU = Release|Any CPU
	EndGlobalSection
	GlobalSection(ProjectConfigurationPlatforms) = postSolution
		{D946FABD-AA9F-4030-A946-020188AB3297}.Debug|Any CPU.ActiveCfg = Debug|Any CPU
		{D946FABD-AA9F-4030-A946-020188AB3297}.Debug|Any CPU.Build.0 = Debug|Any CPU
		{D946FABD-AA9F-4030-A946-020188AB3297}.Release|Any CPU.ActiveCfg = Release|Any CPU
		{D946FABD-AA9F-4030-A946-020188AB3297}.Release|Any CPU.Build.0 = Release|Any CPU
		{0FC0AA42-BB35-4C8C-AA19-E9787B20111C}.Debug|Any CPU.ActiveCfg = Debug|Any CPU
		{0FC0AA42-BB35-4C8C-AA19-E9787B20111C}.Debug|Any CPU.Build.0 = Debug|Any CPU
		{0FC0AA42-BB35-4C8C-AA19-E9787B20111C}.Release|Any CPU.ActiveCfg = Release|Any CPU
		{0FC0AA42-BB35-4C8C-AA19-E9787B20111C}.Release|Any CPU.Build.0 = Release|Any CPU
	EndGlobalSection
	GlobalSection(SolutionProperties) = preSolution
		HideSolutionNode = FALSE
	EndGlobalSection
EndGlobal
